
Microsoft Visual Studio Solution File, Format Version 12.00
# Visual Studio 15
VisualStudioVersion = 15.0.27130.2024
MinimumVisualStudioVersion = 10.0.40219.1
Project("{FAE04EC0-301F-11D3-BF4B-00C04F79EFBC}") = "CommandBar", "CommandBar\CommandBar.csproj", "{31A32F70-F7D2-4DE9-829F-5DF12EE811E2}"
EndProject
Global
	GlobalSection(SolutionConfigurationPlatforms) = preSolution
		Debug|ARM = Debug|ARM
		Debug|x64 = Debug|x64
		Debug|x86 = Debug|x86
		Release|ARM = Release|ARM
		Release|x64 = Release|x64
		Release|x86 = Release|x86
	EndGlobalSection
	GlobalSection(ProjectConfigurationPlatforms) = postSolution
		{31A32F70-F7D2-4DE9-829F-5DF12EE811E2}.Debug|ARM.ActiveCfg = Debug|ARM
		{31A32F70-F7D2-4DE9-829F-5DF12EE811E2}.Debug|ARM.Build.0 = Debug|ARM
		{31A32F70-F7D2-4DE9-829F-5DF12EE811E2}.Debug|ARM.Deploy.0 = Debug|ARM
		{31A32F70-F7D2-4DE9-829F-5DF12EE811E2}.Debug|x64.ActiveCfg = Debug|x64
		{31A32F70-F7D2-4DE9-829F-5DF12EE811E2}.Debug|x64.Build.0 = Debug|x64
		{31A32F70-F7D2-4DE9-829F-5DF12EE811E2}.Debug|x64.Deploy.0 = Debug|x64
		{31A32F70-F7D2-4DE9-829F-5DF12EE811E2}.Debug|x86.ActiveCfg = Debug|x86
		{31A32F70-F7D2-4DE9-829F-5DF12EE811E2}.Debug|x86.Build.0 = Debug|x86
		{31A32F70-F7D2-4DE9-829F-5DF12EE811E2}.Debug|x86.Deploy.0 = Debug|x86
		{31A32F70-F7D2-4DE9-829F-5DF12EE811E2}.Release|ARM.ActiveCfg = Release|ARM
		{31A32F70-F7D2-4DE9-829F-5DF12EE811E2}.Release|ARM.Build.0 = Release|ARM
		{31A32F70-F7D2-4DE9-829F-5DF12EE811E2}.Release|ARM.Deploy.0 = Release|ARM
		{31A32F70-F7D2-4DE9-829F-5DF12EE811E2}.Release|x64.ActiveCfg = Release|x64
		{31A32F70-F7D2-4DE9-829F-5DF12EE811E2}.Release|x64.Build.0 = Release|x64
		{31A32F70-F7D2-4DE9-829F-5DF12EE811E2}.Release|x64.Deploy.0 = Release|x64
		{31A32F70-F7D2-4DE9-829F-5DF12EE811E2}.Release|x86.ActiveCfg = Release|x86
		{31A32F70-F7D2-4DE9-829F-5DF12EE811E2}.Release|x86.Build.0 = Release|x86
		{31A32F70-F7D2-4DE9-829F-5DF12EE811E2}.Release|x86.Deploy.0 = Release|x86
	EndGlobalSection
	GlobalSection(SolutionProperties) = preSolution
		HideSolutionNode = FALSE
	EndGlobalSection
	GlobalSection(ExtensibilityGlobals) = postSolution
		SolutionGuid = {10B5E2FF-9B21-4DBE-A6EA-5B8F52AABF4C}
	EndGlobalSection
EndGlobal
