
Microsoft Visual Studio Solution File, Format Version 12.00
# Visual Studio 15
VisualStudioVersion = 15.0.27130.2027
MinimumVisualStudioVersion = 10.0.40219.1
Project("{FAE04EC0-301F-11D3-BF4B-00C04F79EFBC}") = "TextEditor", "TextEditor\TextEditor.csproj", "{B2C12BD8-B4D9-46B9-B2B5-6FE55F18B1C2}"
EndProject
Global
	GlobalSection(SolutionConfigurationPlatforms) = preSolution
		Debug|ARM = Debug|ARM
		Debug|x64 = Debug|x64
		Debug|x86 = Debug|x86
		Release|ARM = Release|ARM
		Release|x64 = Release|x64
		Release|x86 = Release|x86
	EndGlobalSection
	GlobalSection(ProjectConfigurationPlatforms) = postSolution
		{B2C12BD8-B4D9-46B9-B2B5-6FE55F18B1C2}.Debug|ARM.ActiveCfg = Debug|ARM
		{B2C12BD8-B4D9-46B9-B2B5-6FE55F18B1C2}.Debug|ARM.Build.0 = Debug|ARM
		{B2C12BD8-B4D9-46B9-B2B5-6FE55F18B1C2}.Debug|ARM.Deploy.0 = Debug|ARM
		{B2C12BD8-B4D9-46B9-B2B5-6FE55F18B1C2}.Debug|x64.ActiveCfg = Debug|x64
		{B2C12BD8-B4D9-46B9-B2B5-6FE55F18B1C2}.Debug|x64.Build.0 = Debug|x64
		{B2C12BD8-B4D9-46B9-B2B5-6FE55F18B1C2}.Debug|x64.Deploy.0 = Debug|x64
		{B2C12BD8-B4D9-46B9-B2B5-6FE55F18B1C2}.Debug|x86.ActiveCfg = Debug|x86
		{B2C12BD8-B4D9-46B9-B2B5-6FE55F18B1C2}.Debug|x86.Build.0 = Debug|x86
		{B2C12BD8-B4D9-46B9-B2B5-6FE55F18B1C2}.Debug|x86.Deploy.0 = Debug|x86
		{B2C12BD8-B4D9-46B9-B2B5-6FE55F18B1C2}.Release|ARM.ActiveCfg = Release|ARM
		{B2C12BD8-B4D9-46B9-B2B5-6FE55F18B1C2}.Release|ARM.Build.0 = Release|ARM
		{B2C12BD8-B4D9-46B9-B2B5-6FE55F18B1C2}.Release|ARM.Deploy.0 = Release|ARM
		{B2C12BD8-B4D9-46B9-B2B5-6FE55F18B1C2}.Release|x64.ActiveCfg = Release|x64
		{B2C12BD8-B4D9-46B9-B2B5-6FE55F18B1C2}.Release|x64.Build.0 = Release|x64
		{B2C12BD8-B4D9-46B9-B2B5-6FE55F18B1C2}.Release|x64.Deploy.0 = Release|x64
		{B2C12BD8-B4D9-46B9-B2B5-6FE55F18B1C2}.Release|x86.ActiveCfg = Release|x86
		{B2C12BD8-B4D9-46B9-B2B5-6FE55F18B1C2}.Release|x86.Build.0 = Release|x86
		{B2C12BD8-B4D9-46B9-B2B5-6FE55F18B1C2}.Release|x86.Deploy.0 = Release|x86
	EndGlobalSection
	GlobalSection(SolutionProperties) = preSolution
		HideSolutionNode = FALSE
	EndGlobalSection
	GlobalSection(ExtensibilityGlobals) = postSolution
		SolutionGuid = {2D73EADA-5333-4883-AC0A-E534ADD17211}
	EndGlobalSection
EndGlobal
