
Microsoft Visual Studio Solution File, Format Version 12.00
# Visual Studio 15
VisualStudioVersion = 15.0.27130.2027
MinimumVisualStudioVersion = 10.0.40219.1
Project("{FAE04EC0-301F-11D3-BF4B-00C04F79EFBC}") = "RSSReader", "RSSReader\RSSReader.csproj", "{77B84579-C4FE-4739-9915-C77EC3560DDD}"
EndProject
Global
	GlobalSection(SolutionConfigurationPlatforms) = preSolution
		Debug|ARM = Debug|ARM
		Debug|x64 = Debug|x64
		Debug|x86 = Debug|x86
		Release|ARM = Release|ARM
		Release|x64 = Release|x64
		Release|x86 = Release|x86
	EndGlobalSection
	GlobalSection(ProjectConfigurationPlatforms) = postSolution
		{77B84579-C4FE-4739-9915-C77EC3560DDD}.Debug|ARM.ActiveCfg = Debug|ARM
		{77B84579-C4FE-4739-9915-C77EC3560DDD}.Debug|ARM.Build.0 = Debug|ARM
		{77B84579-C4FE-4739-9915-C77EC3560DDD}.Debug|ARM.Deploy.0 = Debug|ARM
		{77B84579-C4FE-4739-9915-C77EC3560DDD}.Debug|x64.ActiveCfg = Debug|x64
		{77B84579-C4FE-4739-9915-C77EC3560DDD}.Debug|x64.Build.0 = Debug|x64
		{77B84579-C4FE-4739-9915-C77EC3560DDD}.Debug|x64.Deploy.0 = Debug|x64
		{77B84579-C4FE-4739-9915-C77EC3560DDD}.Debug|x86.ActiveCfg = Debug|x86
		{77B84579-C4FE-4739-9915-C77EC3560DDD}.Debug|x86.Build.0 = Debug|x86
		{77B84579-C4FE-4739-9915-C77EC3560DDD}.Debug|x86.Deploy.0 = Debug|x86
		{77B84579-C4FE-4739-9915-C77EC3560DDD}.Release|ARM.ActiveCfg = Release|ARM
		{77B84579-C4FE-4739-9915-C77EC3560DDD}.Release|ARM.Build.0 = Release|ARM
		{77B84579-C4FE-4739-9915-C77EC3560DDD}.Release|ARM.Deploy.0 = Release|ARM
		{77B84579-C4FE-4739-9915-C77EC3560DDD}.Release|x64.ActiveCfg = Release|x64
		{77B84579-C4FE-4739-9915-C77EC3560DDD}.Release|x64.Build.0 = Release|x64
		{77B84579-C4FE-4739-9915-C77EC3560DDD}.Release|x64.Deploy.0 = Release|x64
		{77B84579-C4FE-4739-9915-C77EC3560DDD}.Release|x86.ActiveCfg = Release|x86
		{77B84579-C4FE-4739-9915-C77EC3560DDD}.Release|x86.Build.0 = Release|x86
		{77B84579-C4FE-4739-9915-C77EC3560DDD}.Release|x86.Deploy.0 = Release|x86
	EndGlobalSection
	GlobalSection(SolutionProperties) = preSolution
		HideSolutionNode = FALSE
	EndGlobalSection
	GlobalSection(ExtensibilityGlobals) = postSolution
		SolutionGuid = {CB0A8177-FF67-427F-805A-91A7B7184FF9}
	EndGlobalSection
EndGlobal
