
Microsoft Visual Studio Solution File, Format Version 12.00
# Visual Studio 15
VisualStudioVersion = 15.0.27703.2026
MinimumVisualStudioVersion = 10.0.40219.1
Project("{FAE04EC0-301F-11D3-BF4B-00C04F79EFBC}") = "TilesGame", "TilesGame\TilesGame.csproj", "{C2F42DD6-32CB-4255-AFA6-2478A38FB20D}"
EndProject
Global
	GlobalSection(SolutionConfigurationPlatforms) = preSolution
		Debug|ARM = Debug|ARM
		Debug|x64 = Debug|x64
		Debug|x86 = Debug|x86
		Release|ARM = Release|ARM
		Release|x64 = Release|x64
		Release|x86 = Release|x86
	EndGlobalSection
	GlobalSection(ProjectConfigurationPlatforms) = postSolution
		{C2F42DD6-32CB-4255-AFA6-2478A38FB20D}.Debug|ARM.ActiveCfg = Debug|ARM
		{C2F42DD6-32CB-4255-AFA6-2478A38FB20D}.Debug|ARM.Build.0 = Debug|ARM
		{C2F42DD6-32CB-4255-AFA6-2478A38FB20D}.Debug|ARM.Deploy.0 = Debug|ARM
		{C2F42DD6-32CB-4255-AFA6-2478A38FB20D}.Debug|x64.ActiveCfg = Debug|x64
		{C2F42DD6-32CB-4255-AFA6-2478A38FB20D}.Debug|x64.Build.0 = Debug|x64
		{C2F42DD6-32CB-4255-AFA6-2478A38FB20D}.Debug|x64.Deploy.0 = Debug|x64
		{C2F42DD6-32CB-4255-AFA6-2478A38FB20D}.Debug|x86.ActiveCfg = Debug|x86
		{C2F42DD6-32CB-4255-AFA6-2478A38FB20D}.Debug|x86.Build.0 = Debug|x86
		{C2F42DD6-32CB-4255-AFA6-2478A38FB20D}.Debug|x86.Deploy.0 = Debug|x86
		{C2F42DD6-32CB-4255-AFA6-2478A38FB20D}.Release|ARM.ActiveCfg = Release|ARM
		{C2F42DD6-32CB-4255-AFA6-2478A38FB20D}.Release|ARM.Build.0 = Release|ARM
		{C2F42DD6-32CB-4255-AFA6-2478A38FB20D}.Release|ARM.Deploy.0 = Release|ARM
		{C2F42DD6-32CB-4255-AFA6-2478A38FB20D}.Release|x64.ActiveCfg = Release|x64
		{C2F42DD6-32CB-4255-AFA6-2478A38FB20D}.Release|x64.Build.0 = Release|x64
		{C2F42DD6-32CB-4255-AFA6-2478A38FB20D}.Release|x64.Deploy.0 = Release|x64
		{C2F42DD6-32CB-4255-AFA6-2478A38FB20D}.Release|x86.ActiveCfg = Release|x86
		{C2F42DD6-32CB-4255-AFA6-2478A38FB20D}.Release|x86.Build.0 = Release|x86
		{C2F42DD6-32CB-4255-AFA6-2478A38FB20D}.Release|x86.Deploy.0 = Release|x86
	EndGlobalSection
	GlobalSection(SolutionProperties) = preSolution
		HideSolutionNode = FALSE
	EndGlobalSection
	GlobalSection(ExtensibilityGlobals) = postSolution
		SolutionGuid = {9C191C1E-5B5D-4A0D-8F87-A72CCEE9AEEA}
	EndGlobalSection
EndGlobal
