
Microsoft Visual Studio Solution File, Format Version 12.00
# Visual Studio 15
VisualStudioVersion = 15.0.27428.1
MinimumVisualStudioVersion = 10.0.40219.1
Project("{FAE04EC0-301F-11D3-BF4B-00C04F79EFBC}") = "DragAndDrop", "DragAndDrop\DragAndDrop.csproj", "{A0BAB527-E951-431C-A2E4-5EEB6FAA9566}"
EndProject
Global
	GlobalSection(SolutionConfigurationPlatforms) = preSolution
		Debug|ARM = Debug|ARM
		Debug|x64 = Debug|x64
		Debug|x86 = Debug|x86
		Release|ARM = Release|ARM
		Release|x64 = Release|x64
		Release|x86 = Release|x86
	EndGlobalSection
	GlobalSection(ProjectConfigurationPlatforms) = postSolution
		{A0BAB527-E951-431C-A2E4-5EEB6FAA9566}.Debug|ARM.ActiveCfg = Debug|ARM
		{A0BAB527-E951-431C-A2E4-5EEB6FAA9566}.Debug|ARM.Build.0 = Debug|ARM
		{A0BAB527-E951-431C-A2E4-5EEB6FAA9566}.Debug|ARM.Deploy.0 = Debug|ARM
		{A0BAB527-E951-431C-A2E4-5EEB6FAA9566}.Debug|x64.ActiveCfg = Debug|x64
		{A0BAB527-E951-431C-A2E4-5EEB6FAA9566}.Debug|x64.Build.0 = Debug|x64
		{A0BAB527-E951-431C-A2E4-5EEB6FAA9566}.Debug|x64.Deploy.0 = Debug|x64
		{A0BAB527-E951-431C-A2E4-5EEB6FAA9566}.Debug|x86.ActiveCfg = Debug|x86
		{A0BAB527-E951-431C-A2E4-5EEB6FAA9566}.Debug|x86.Build.0 = Debug|x86
		{A0BAB527-E951-431C-A2E4-5EEB6FAA9566}.Debug|x86.Deploy.0 = Debug|x86
		{A0BAB527-E951-431C-A2E4-5EEB6FAA9566}.Release|ARM.ActiveCfg = Release|ARM
		{A0BAB527-E951-431C-A2E4-5EEB6FAA9566}.Release|ARM.Build.0 = Release|ARM
		{A0BAB527-E951-431C-A2E4-5EEB6FAA9566}.Release|ARM.Deploy.0 = Release|ARM
		{A0BAB527-E951-431C-A2E4-5EEB6FAA9566}.Release|x64.ActiveCfg = Release|x64
		{A0BAB527-E951-431C-A2E4-5EEB6FAA9566}.Release|x64.Build.0 = Release|x64
		{A0BAB527-E951-431C-A2E4-5EEB6FAA9566}.Release|x64.Deploy.0 = Release|x64
		{A0BAB527-E951-431C-A2E4-5EEB6FAA9566}.Release|x86.ActiveCfg = Release|x86
		{A0BAB527-E951-431C-A2E4-5EEB6FAA9566}.Release|x86.Build.0 = Release|x86
		{A0BAB527-E951-431C-A2E4-5EEB6FAA9566}.Release|x86.Deploy.0 = Release|x86
	EndGlobalSection
	GlobalSection(SolutionProperties) = preSolution
		HideSolutionNode = FALSE
	EndGlobalSection
	GlobalSection(ExtensibilityGlobals) = postSolution
		SolutionGuid = {20D22FAC-E1EB-442C-8DB8-27BD75617E1A}
	EndGlobalSection
EndGlobal
