
Microsoft Visual Studio Solution File, Format Version 12.00
# Visual Studio 15
VisualStudioVersion = 15.0.27703.2000
MinimumVisualStudioVersion = 10.0.40219.1
Project("{FAE04EC0-301F-11D3-BF4B-00C04F79EFBC}") = "TileStyles", "TileStyles\TileStyles.csproj", "{CB193183-41EB-4614-A1D6-794543E63625}"
EndProject
Global
	GlobalSection(SolutionConfigurationPlatforms) = preSolution
		Debug|ARM = Debug|ARM
		Debug|x64 = Debug|x64
		Debug|x86 = Debug|x86
		Release|ARM = Release|ARM
		Release|x64 = Release|x64
		Release|x86 = Release|x86
	EndGlobalSection
	GlobalSection(ProjectConfigurationPlatforms) = postSolution
		{CB193183-41EB-4614-A1D6-794543E63625}.Debug|ARM.ActiveCfg = Debug|ARM
		{CB193183-41EB-4614-A1D6-794543E63625}.Debug|ARM.Build.0 = Debug|ARM
		{CB193183-41EB-4614-A1D6-794543E63625}.Debug|ARM.Deploy.0 = Debug|ARM
		{CB193183-41EB-4614-A1D6-794543E63625}.Debug|x64.ActiveCfg = Debug|x64
		{CB193183-41EB-4614-A1D6-794543E63625}.Debug|x64.Build.0 = Debug|x64
		{CB193183-41EB-4614-A1D6-794543E63625}.Debug|x64.Deploy.0 = Debug|x64
		{CB193183-41EB-4614-A1D6-794543E63625}.Debug|x86.ActiveCfg = Debug|x86
		{CB193183-41EB-4614-A1D6-794543E63625}.Debug|x86.Build.0 = Debug|x86
		{CB193183-41EB-4614-A1D6-794543E63625}.Debug|x86.Deploy.0 = Debug|x86
		{CB193183-41EB-4614-A1D6-794543E63625}.Release|ARM.ActiveCfg = Release|ARM
		{CB193183-41EB-4614-A1D6-794543E63625}.Release|ARM.Build.0 = Release|ARM
		{CB193183-41EB-4614-A1D6-794543E63625}.Release|ARM.Deploy.0 = Release|ARM
		{CB193183-41EB-4614-A1D6-794543E63625}.Release|x64.ActiveCfg = Release|x64
		{CB193183-41EB-4614-A1D6-794543E63625}.Release|x64.Build.0 = Release|x64
		{CB193183-41EB-4614-A1D6-794543E63625}.Release|x64.Deploy.0 = Release|x64
		{CB193183-41EB-4614-A1D6-794543E63625}.Release|x86.ActiveCfg = Release|x86
		{CB193183-41EB-4614-A1D6-794543E63625}.Release|x86.Build.0 = Release|x86
		{CB193183-41EB-4614-A1D6-794543E63625}.Release|x86.Deploy.0 = Release|x86
	EndGlobalSection
	GlobalSection(SolutionProperties) = preSolution
		HideSolutionNode = FALSE
	EndGlobalSection
	GlobalSection(ExtensibilityGlobals) = postSolution
		SolutionGuid = {315F3395-A352-4969-99BA-A58FF7E412E1}
	EndGlobalSection
EndGlobal
