
Microsoft Visual Studio Solution File, Format Version 12.00
# Visual Studio 15
VisualStudioVersion = 15.0.27703.2026
MinimumVisualStudioVersion = 10.0.40219.1
Project("{FAE04EC0-301F-11D3-BF4B-00C04F79EFBC}") = "YatzyGame", "YatzyGame\YatzyGame.csproj", "{DC6BC7FA-0E9C-4F71-A074-540C75BBD598}"
EndProject
Global
	GlobalSection(SolutionConfigurationPlatforms) = preSolution
		Debug|ARM = Debug|ARM
		Debug|x64 = Debug|x64
		Debug|x86 = Debug|x86
		Release|ARM = Release|ARM
		Release|x64 = Release|x64
		Release|x86 = Release|x86
	EndGlobalSection
	GlobalSection(ProjectConfigurationPlatforms) = postSolution
		{DC6BC7FA-0E9C-4F71-A074-540C75BBD598}.Debug|ARM.ActiveCfg = Debug|ARM
		{DC6BC7FA-0E9C-4F71-A074-540C75BBD598}.Debug|ARM.Build.0 = Debug|ARM
		{DC6BC7FA-0E9C-4F71-A074-540C75BBD598}.Debug|ARM.Deploy.0 = Debug|ARM
		{DC6BC7FA-0E9C-4F71-A074-540C75BBD598}.Debug|x64.ActiveCfg = Debug|x64
		{DC6BC7FA-0E9C-4F71-A074-540C75BBD598}.Debug|x64.Build.0 = Debug|x64
		{DC6BC7FA-0E9C-4F71-A074-540C75BBD598}.Debug|x64.Deploy.0 = Debug|x64
		{DC6BC7FA-0E9C-4F71-A074-540C75BBD598}.Debug|x86.ActiveCfg = Debug|x86
		{DC6BC7FA-0E9C-4F71-A074-540C75BBD598}.Debug|x86.Build.0 = Debug|x86
		{DC6BC7FA-0E9C-4F71-A074-540C75BBD598}.Debug|x86.Deploy.0 = Debug|x86
		{DC6BC7FA-0E9C-4F71-A074-540C75BBD598}.Release|ARM.ActiveCfg = Release|ARM
		{DC6BC7FA-0E9C-4F71-A074-540C75BBD598}.Release|ARM.Build.0 = Release|ARM
		{DC6BC7FA-0E9C-4F71-A074-540C75BBD598}.Release|ARM.Deploy.0 = Release|ARM
		{DC6BC7FA-0E9C-4F71-A074-540C75BBD598}.Release|x64.ActiveCfg = Release|x64
		{DC6BC7FA-0E9C-4F71-A074-540C75BBD598}.Release|x64.Build.0 = Release|x64
		{DC6BC7FA-0E9C-4F71-A074-540C75BBD598}.Release|x64.Deploy.0 = Release|x64
		{DC6BC7FA-0E9C-4F71-A074-540C75BBD598}.Release|x86.ActiveCfg = Release|x86
		{DC6BC7FA-0E9C-4F71-A074-540C75BBD598}.Release|x86.Build.0 = Release|x86
		{DC6BC7FA-0E9C-4F71-A074-540C75BBD598}.Release|x86.Deploy.0 = Release|x86
	EndGlobalSection
	GlobalSection(SolutionProperties) = preSolution
		HideSolutionNode = FALSE
	EndGlobalSection
	GlobalSection(ExtensibilityGlobals) = postSolution
		SolutionGuid = {97E130F0-7CA8-4E30-8909-42C456F73211}
	EndGlobalSection
EndGlobal
