
Microsoft Visual Studio Solution File, Format Version 12.00
# Visual Studio 15
VisualStudioVersion = 15.0.27703.2026
MinimumVisualStudioVersion = 10.0.40219.1
Project("{FAE04EC0-301F-11D3-BF4B-00C04F79EFBC}") = "AcrylicMaterial", "AcrylicMaterial\AcrylicMaterial.csproj", "{06708CA4-7E4A-4623-A2E0-7B79EE82288A}"
EndProject
Global
	GlobalSection(SolutionConfigurationPlatforms) = preSolution
		Debug|ARM = Debug|ARM
		Debug|x64 = Debug|x64
		Debug|x86 = Debug|x86
		Release|ARM = Release|ARM
		Release|x64 = Release|x64
		Release|x86 = Release|x86
	EndGlobalSection
	GlobalSection(ProjectConfigurationPlatforms) = postSolution
		{06708CA4-7E4A-4623-A2E0-7B79EE82288A}.Debug|ARM.ActiveCfg = Debug|ARM
		{06708CA4-7E4A-4623-A2E0-7B79EE82288A}.Debug|ARM.Build.0 = Debug|ARM
		{06708CA4-7E4A-4623-A2E0-7B79EE82288A}.Debug|ARM.Deploy.0 = Debug|ARM
		{06708CA4-7E4A-4623-A2E0-7B79EE82288A}.Debug|x64.ActiveCfg = Debug|x64
		{06708CA4-7E4A-4623-A2E0-7B79EE82288A}.Debug|x64.Build.0 = Debug|x64
		{06708CA4-7E4A-4623-A2E0-7B79EE82288A}.Debug|x64.Deploy.0 = Debug|x64
		{06708CA4-7E4A-4623-A2E0-7B79EE82288A}.Debug|x86.ActiveCfg = Debug|x86
		{06708CA4-7E4A-4623-A2E0-7B79EE82288A}.Debug|x86.Build.0 = Debug|x86
		{06708CA4-7E4A-4623-A2E0-7B79EE82288A}.Debug|x86.Deploy.0 = Debug|x86
		{06708CA4-7E4A-4623-A2E0-7B79EE82288A}.Release|ARM.ActiveCfg = Release|ARM
		{06708CA4-7E4A-4623-A2E0-7B79EE82288A}.Release|ARM.Build.0 = Release|ARM
		{06708CA4-7E4A-4623-A2E0-7B79EE82288A}.Release|ARM.Deploy.0 = Release|ARM
		{06708CA4-7E4A-4623-A2E0-7B79EE82288A}.Release|x64.ActiveCfg = Release|x64
		{06708CA4-7E4A-4623-A2E0-7B79EE82288A}.Release|x64.Build.0 = Release|x64
		{06708CA4-7E4A-4623-A2E0-7B79EE82288A}.Release|x64.Deploy.0 = Release|x64
		{06708CA4-7E4A-4623-A2E0-7B79EE82288A}.Release|x86.ActiveCfg = Release|x86
		{06708CA4-7E4A-4623-A2E0-7B79EE82288A}.Release|x86.Build.0 = Release|x86
		{06708CA4-7E4A-4623-A2E0-7B79EE82288A}.Release|x86.Deploy.0 = Release|x86
	EndGlobalSection
	GlobalSection(SolutionProperties) = preSolution
		HideSolutionNode = FALSE
	EndGlobalSection
	GlobalSection(ExtensibilityGlobals) = postSolution
		SolutionGuid = {4AB35A2F-E188-4783-B236-096EBFEC1584}
	EndGlobalSection
EndGlobal
