
Microsoft Visual Studio Solution File, Format Version 12.00
# Visual Studio 15
VisualStudioVersion = 15.0.27428.1
MinimumVisualStudioVersion = 10.0.40219.1
Project("{FAE04EC0-301F-11D3-BF4B-00C04F79EFBC}") = "VideoRecorder", "VideoRecorder\VideoRecorder.csproj", "{B82B3987-02EC-4A7D-A64D-D12F5AFE3183}"
EndProject
Global
	GlobalSection(SolutionConfigurationPlatforms) = preSolution
		Debug|ARM = Debug|ARM
		Debug|x64 = Debug|x64
		Debug|x86 = Debug|x86
		Release|ARM = Release|ARM
		Release|x64 = Release|x64
		Release|x86 = Release|x86
	EndGlobalSection
	GlobalSection(ProjectConfigurationPlatforms) = postSolution
		{B82B3987-02EC-4A7D-A64D-D12F5AFE3183}.Debug|ARM.ActiveCfg = Debug|ARM
		{B82B3987-02EC-4A7D-A64D-D12F5AFE3183}.Debug|ARM.Build.0 = Debug|ARM
		{B82B3987-02EC-4A7D-A64D-D12F5AFE3183}.Debug|ARM.Deploy.0 = Debug|ARM
		{B82B3987-02EC-4A7D-A64D-D12F5AFE3183}.Debug|x64.ActiveCfg = Debug|x64
		{B82B3987-02EC-4A7D-A64D-D12F5AFE3183}.Debug|x64.Build.0 = Debug|x64
		{B82B3987-02EC-4A7D-A64D-D12F5AFE3183}.Debug|x64.Deploy.0 = Debug|x64
		{B82B3987-02EC-4A7D-A64D-D12F5AFE3183}.Debug|x86.ActiveCfg = Debug|x86
		{B82B3987-02EC-4A7D-A64D-D12F5AFE3183}.Debug|x86.Build.0 = Debug|x86
		{B82B3987-02EC-4A7D-A64D-D12F5AFE3183}.Debug|x86.Deploy.0 = Debug|x86
		{B82B3987-02EC-4A7D-A64D-D12F5AFE3183}.Release|ARM.ActiveCfg = Release|ARM
		{B82B3987-02EC-4A7D-A64D-D12F5AFE3183}.Release|ARM.Build.0 = Release|ARM
		{B82B3987-02EC-4A7D-A64D-D12F5AFE3183}.Release|ARM.Deploy.0 = Release|ARM
		{B82B3987-02EC-4A7D-A64D-D12F5AFE3183}.Release|x64.ActiveCfg = Release|x64
		{B82B3987-02EC-4A7D-A64D-D12F5AFE3183}.Release|x64.Build.0 = Release|x64
		{B82B3987-02EC-4A7D-A64D-D12F5AFE3183}.Release|x64.Deploy.0 = Release|x64
		{B82B3987-02EC-4A7D-A64D-D12F5AFE3183}.Release|x86.ActiveCfg = Release|x86
		{B82B3987-02EC-4A7D-A64D-D12F5AFE3183}.Release|x86.Build.0 = Release|x86
		{B82B3987-02EC-4A7D-A64D-D12F5AFE3183}.Release|x86.Deploy.0 = Release|x86
	EndGlobalSection
	GlobalSection(SolutionProperties) = preSolution
		HideSolutionNode = FALSE
	EndGlobalSection
	GlobalSection(ExtensibilityGlobals) = postSolution
		SolutionGuid = {1A66866C-3B87-40A4-8A94-393F8B09114B}
	EndGlobalSection
EndGlobal
