
Microsoft Visual Studio Solution File, Format Version 12.00
# Visual Studio 15
VisualStudioVersion = 15.0.27703.2026
MinimumVisualStudioVersion = 10.0.40219.1
Project("{FAE04EC0-301F-11D3-BF4B-00C04F79EFBC}") = "ChaseableTiles", "ChaseableTiles\ChaseableTiles.csproj", "{72B427EB-5386-4132-A404-4D9F4A199FA2}"
EndProject
Global
	GlobalSection(SolutionConfigurationPlatforms) = preSolution
		Debug|ARM = Debug|ARM
		Debug|x64 = Debug|x64
		Debug|x86 = Debug|x86
		Release|ARM = Release|ARM
		Release|x64 = Release|x64
		Release|x86 = Release|x86
	EndGlobalSection
	GlobalSection(ProjectConfigurationPlatforms) = postSolution
		{72B427EB-5386-4132-A404-4D9F4A199FA2}.Debug|ARM.ActiveCfg = Debug|ARM
		{72B427EB-5386-4132-A404-4D9F4A199FA2}.Debug|ARM.Build.0 = Debug|ARM
		{72B427EB-5386-4132-A404-4D9F4A199FA2}.Debug|ARM.Deploy.0 = Debug|ARM
		{72B427EB-5386-4132-A404-4D9F4A199FA2}.Debug|x64.ActiveCfg = Debug|x64
		{72B427EB-5386-4132-A404-4D9F4A199FA2}.Debug|x64.Build.0 = Debug|x64
		{72B427EB-5386-4132-A404-4D9F4A199FA2}.Debug|x64.Deploy.0 = Debug|x64
		{72B427EB-5386-4132-A404-4D9F4A199FA2}.Debug|x86.ActiveCfg = Debug|x86
		{72B427EB-5386-4132-A404-4D9F4A199FA2}.Debug|x86.Build.0 = Debug|x86
		{72B427EB-5386-4132-A404-4D9F4A199FA2}.Debug|x86.Deploy.0 = Debug|x86
		{72B427EB-5386-4132-A404-4D9F4A199FA2}.Release|ARM.ActiveCfg = Release|ARM
		{72B427EB-5386-4132-A404-4D9F4A199FA2}.Release|ARM.Build.0 = Release|ARM
		{72B427EB-5386-4132-A404-4D9F4A199FA2}.Release|ARM.Deploy.0 = Release|ARM
		{72B427EB-5386-4132-A404-4D9F4A199FA2}.Release|x64.ActiveCfg = Release|x64
		{72B427EB-5386-4132-A404-4D9F4A199FA2}.Release|x64.Build.0 = Release|x64
		{72B427EB-5386-4132-A404-4D9F4A199FA2}.Release|x64.Deploy.0 = Release|x64
		{72B427EB-5386-4132-A404-4D9F4A199FA2}.Release|x86.ActiveCfg = Release|x86
		{72B427EB-5386-4132-A404-4D9F4A199FA2}.Release|x86.Build.0 = Release|x86
		{72B427EB-5386-4132-A404-4D9F4A199FA2}.Release|x86.Deploy.0 = Release|x86
	EndGlobalSection
	GlobalSection(SolutionProperties) = preSolution
		HideSolutionNode = FALSE
	EndGlobalSection
	GlobalSection(ExtensibilityGlobals) = postSolution
		SolutionGuid = {F89E26D1-3BE2-40B2-9DFB-BBF66D6F2F44}
	EndGlobalSection
EndGlobal
