
Microsoft Visual Studio Solution File, Format Version 12.00
# Visual Studio 15
VisualStudioVersion = 15.0.27703.2026
MinimumVisualStudioVersion = 10.0.40219.1
Project("{FAE04EC0-301F-11D3-BF4B-00C04F79EFBC}") = "EmojiGame", "EmojiGame\EmojiGame.csproj", "{886998B9-A4F6-4C1E-A48B-434EE68916AF}"
EndProject
Global
	GlobalSection(SolutionConfigurationPlatforms) = preSolution
		Debug|ARM = Debug|ARM
		Debug|x64 = Debug|x64
		Debug|x86 = Debug|x86
		Release|ARM = Release|ARM
		Release|x64 = Release|x64
		Release|x86 = Release|x86
	EndGlobalSection
	GlobalSection(ProjectConfigurationPlatforms) = postSolution
		{886998B9-A4F6-4C1E-A48B-434EE68916AF}.Debug|ARM.ActiveCfg = Debug|ARM
		{886998B9-A4F6-4C1E-A48B-434EE68916AF}.Debug|ARM.Build.0 = Debug|ARM
		{886998B9-A4F6-4C1E-A48B-434EE68916AF}.Debug|ARM.Deploy.0 = Debug|ARM
		{886998B9-A4F6-4C1E-A48B-434EE68916AF}.Debug|x64.ActiveCfg = Debug|x64
		{886998B9-A4F6-4C1E-A48B-434EE68916AF}.Debug|x64.Build.0 = Debug|x64
		{886998B9-A4F6-4C1E-A48B-434EE68916AF}.Debug|x64.Deploy.0 = Debug|x64
		{886998B9-A4F6-4C1E-A48B-434EE68916AF}.Debug|x86.ActiveCfg = Debug|x86
		{886998B9-A4F6-4C1E-A48B-434EE68916AF}.Debug|x86.Build.0 = Debug|x86
		{886998B9-A4F6-4C1E-A48B-434EE68916AF}.Debug|x86.Deploy.0 = Debug|x86
		{886998B9-A4F6-4C1E-A48B-434EE68916AF}.Release|ARM.ActiveCfg = Release|ARM
		{886998B9-A4F6-4C1E-A48B-434EE68916AF}.Release|ARM.Build.0 = Release|ARM
		{886998B9-A4F6-4C1E-A48B-434EE68916AF}.Release|ARM.Deploy.0 = Release|ARM
		{886998B9-A4F6-4C1E-A48B-434EE68916AF}.Release|x64.ActiveCfg = Release|x64
		{886998B9-A4F6-4C1E-A48B-434EE68916AF}.Release|x64.Build.0 = Release|x64
		{886998B9-A4F6-4C1E-A48B-434EE68916AF}.Release|x64.Deploy.0 = Release|x64
		{886998B9-A4F6-4C1E-A48B-434EE68916AF}.Release|x86.ActiveCfg = Release|x86
		{886998B9-A4F6-4C1E-A48B-434EE68916AF}.Release|x86.Build.0 = Release|x86
		{886998B9-A4F6-4C1E-A48B-434EE68916AF}.Release|x86.Deploy.0 = Release|x86
	EndGlobalSection
	GlobalSection(SolutionProperties) = preSolution
		HideSolutionNode = FALSE
	EndGlobalSection
	GlobalSection(ExtensibilityGlobals) = postSolution
		SolutionGuid = {4288F527-FBCA-423C-8D10-B1853775FC1A}
	EndGlobalSection
EndGlobal
