
Microsoft Visual Studio Solution File, Format Version 12.00
# Visual Studio 15
VisualStudioVersion = 15.0.27703.2026
MinimumVisualStudioVersion = 10.0.40219.1
Project("{FAE04EC0-301F-11D3-BF4B-00C04F79EFBC}") = "PomodoroApp", "PomodoroApp\PomodoroApp.csproj", "{C9469331-2BAA-4535-B43C-7523E56BA73D}"
EndProject
Global
	GlobalSection(SolutionConfigurationPlatforms) = preSolution
		Debug|ARM = Debug|ARM
		Debug|x64 = Debug|x64
		Debug|x86 = Debug|x86
		Release|ARM = Release|ARM
		Release|x64 = Release|x64
		Release|x86 = Release|x86
	EndGlobalSection
	GlobalSection(ProjectConfigurationPlatforms) = postSolution
		{C9469331-2BAA-4535-B43C-7523E56BA73D}.Debug|ARM.ActiveCfg = Debug|ARM
		{C9469331-2BAA-4535-B43C-7523E56BA73D}.Debug|ARM.Build.0 = Debug|ARM
		{C9469331-2BAA-4535-B43C-7523E56BA73D}.Debug|ARM.Deploy.0 = Debug|ARM
		{C9469331-2BAA-4535-B43C-7523E56BA73D}.Debug|x64.ActiveCfg = Debug|x64
		{C9469331-2BAA-4535-B43C-7523E56BA73D}.Debug|x64.Build.0 = Debug|x64
		{C9469331-2BAA-4535-B43C-7523E56BA73D}.Debug|x64.Deploy.0 = Debug|x64
		{C9469331-2BAA-4535-B43C-7523E56BA73D}.Debug|x86.ActiveCfg = Debug|x86
		{C9469331-2BAA-4535-B43C-7523E56BA73D}.Debug|x86.Build.0 = Debug|x86
		{C9469331-2BAA-4535-B43C-7523E56BA73D}.Debug|x86.Deploy.0 = Debug|x86
		{C9469331-2BAA-4535-B43C-7523E56BA73D}.Release|ARM.ActiveCfg = Release|ARM
		{C9469331-2BAA-4535-B43C-7523E56BA73D}.Release|ARM.Build.0 = Release|ARM
		{C9469331-2BAA-4535-B43C-7523E56BA73D}.Release|ARM.Deploy.0 = Release|ARM
		{C9469331-2BAA-4535-B43C-7523E56BA73D}.Release|x64.ActiveCfg = Release|x64
		{C9469331-2BAA-4535-B43C-7523E56BA73D}.Release|x64.Build.0 = Release|x64
		{C9469331-2BAA-4535-B43C-7523E56BA73D}.Release|x64.Deploy.0 = Release|x64
		{C9469331-2BAA-4535-B43C-7523E56BA73D}.Release|x86.ActiveCfg = Release|x86
		{C9469331-2BAA-4535-B43C-7523E56BA73D}.Release|x86.Build.0 = Release|x86
		{C9469331-2BAA-4535-B43C-7523E56BA73D}.Release|x86.Deploy.0 = Release|x86
	EndGlobalSection
	GlobalSection(SolutionProperties) = preSolution
		HideSolutionNode = FALSE
	EndGlobalSection
	GlobalSection(ExtensibilityGlobals) = postSolution
		SolutionGuid = {1BDCBC42-5E34-491B-8E2D-D1481DC3120F}
	EndGlobalSection
EndGlobal
