
Microsoft Visual Studio Solution File, Format Version 12.00
# Visual Studio 15
VisualStudioVersion = 15.0.27428.1
MinimumVisualStudioVersion = 10.0.40219.1
Project("{FAE04EC0-301F-11D3-BF4B-00C04F79EFBC}") = "Tiles", "Tiles\Tiles.csproj", "{73CA2D6E-E350-435B-9B1A-F20F6D4FAB20}"
EndProject
Global
	GlobalSection(SolutionConfigurationPlatforms) = preSolution
		Debug|ARM = Debug|ARM
		Debug|x64 = Debug|x64
		Debug|x86 = Debug|x86
		Release|ARM = Release|ARM
		Release|x64 = Release|x64
		Release|x86 = Release|x86
	EndGlobalSection
	GlobalSection(ProjectConfigurationPlatforms) = postSolution
		{73CA2D6E-E350-435B-9B1A-F20F6D4FAB20}.Debug|ARM.ActiveCfg = Debug|ARM
		{73CA2D6E-E350-435B-9B1A-F20F6D4FAB20}.Debug|ARM.Build.0 = Debug|ARM
		{73CA2D6E-E350-435B-9B1A-F20F6D4FAB20}.Debug|ARM.Deploy.0 = Debug|ARM
		{73CA2D6E-E350-435B-9B1A-F20F6D4FAB20}.Debug|x64.ActiveCfg = Debug|x64
		{73CA2D6E-E350-435B-9B1A-F20F6D4FAB20}.Debug|x64.Build.0 = Debug|x64
		{73CA2D6E-E350-435B-9B1A-F20F6D4FAB20}.Debug|x64.Deploy.0 = Debug|x64
		{73CA2D6E-E350-435B-9B1A-F20F6D4FAB20}.Debug|x86.ActiveCfg = Debug|x86
		{73CA2D6E-E350-435B-9B1A-F20F6D4FAB20}.Debug|x86.Build.0 = Debug|x86
		{73CA2D6E-E350-435B-9B1A-F20F6D4FAB20}.Debug|x86.Deploy.0 = Debug|x86
		{73CA2D6E-E350-435B-9B1A-F20F6D4FAB20}.Release|ARM.ActiveCfg = Release|ARM
		{73CA2D6E-E350-435B-9B1A-F20F6D4FAB20}.Release|ARM.Build.0 = Release|ARM
		{73CA2D6E-E350-435B-9B1A-F20F6D4FAB20}.Release|ARM.Deploy.0 = Release|ARM
		{73CA2D6E-E350-435B-9B1A-F20F6D4FAB20}.Release|x64.ActiveCfg = Release|x64
		{73CA2D6E-E350-435B-9B1A-F20F6D4FAB20}.Release|x64.Build.0 = Release|x64
		{73CA2D6E-E350-435B-9B1A-F20F6D4FAB20}.Release|x64.Deploy.0 = Release|x64
		{73CA2D6E-E350-435B-9B1A-F20F6D4FAB20}.Release|x86.ActiveCfg = Release|x86
		{73CA2D6E-E350-435B-9B1A-F20F6D4FAB20}.Release|x86.Build.0 = Release|x86
		{73CA2D6E-E350-435B-9B1A-F20F6D4FAB20}.Release|x86.Deploy.0 = Release|x86
	EndGlobalSection
	GlobalSection(SolutionProperties) = preSolution
		HideSolutionNode = FALSE
	EndGlobalSection
	GlobalSection(ExtensibilityGlobals) = postSolution
		SolutionGuid = {B2F2862A-7D66-46C7-BE34-CD78156C2B40}
	EndGlobalSection
EndGlobal
