
Microsoft Visual Studio Solution File, Format Version 12.00
# Visual Studio 15
VisualStudioVersion = 15.0.27428.1
MinimumVisualStudioVersion = 10.0.40219.1
Project("{FAE04EC0-301F-11D3-BF4B-00C04F79EFBC}") = "PhotoRotate", "PhotoRotate\PhotoRotate.csproj", "{3478ACF3-91F9-44B2-9E82-8226FD15D755}"
EndProject
Global
	GlobalSection(SolutionConfigurationPlatforms) = preSolution
		Debug|ARM = Debug|ARM
		Debug|x64 = Debug|x64
		Debug|x86 = Debug|x86
		Release|ARM = Release|ARM
		Release|x64 = Release|x64
		Release|x86 = Release|x86
	EndGlobalSection
	GlobalSection(ProjectConfigurationPlatforms) = postSolution
		{3478ACF3-91F9-44B2-9E82-8226FD15D755}.Debug|ARM.ActiveCfg = Debug|ARM
		{3478ACF3-91F9-44B2-9E82-8226FD15D755}.Debug|ARM.Build.0 = Debug|ARM
		{3478ACF3-91F9-44B2-9E82-8226FD15D755}.Debug|ARM.Deploy.0 = Debug|ARM
		{3478ACF3-91F9-44B2-9E82-8226FD15D755}.Debug|x64.ActiveCfg = Debug|x64
		{3478ACF3-91F9-44B2-9E82-8226FD15D755}.Debug|x64.Build.0 = Debug|x64
		{3478ACF3-91F9-44B2-9E82-8226FD15D755}.Debug|x64.Deploy.0 = Debug|x64
		{3478ACF3-91F9-44B2-9E82-8226FD15D755}.Debug|x86.ActiveCfg = Debug|x86
		{3478ACF3-91F9-44B2-9E82-8226FD15D755}.Debug|x86.Build.0 = Debug|x86
		{3478ACF3-91F9-44B2-9E82-8226FD15D755}.Debug|x86.Deploy.0 = Debug|x86
		{3478ACF3-91F9-44B2-9E82-8226FD15D755}.Release|ARM.ActiveCfg = Release|ARM
		{3478ACF3-91F9-44B2-9E82-8226FD15D755}.Release|ARM.Build.0 = Release|ARM
		{3478ACF3-91F9-44B2-9E82-8226FD15D755}.Release|ARM.Deploy.0 = Release|ARM
		{3478ACF3-91F9-44B2-9E82-8226FD15D755}.Release|x64.ActiveCfg = Release|x64
		{3478ACF3-91F9-44B2-9E82-8226FD15D755}.Release|x64.Build.0 = Release|x64
		{3478ACF3-91F9-44B2-9E82-8226FD15D755}.Release|x64.Deploy.0 = Release|x64
		{3478ACF3-91F9-44B2-9E82-8226FD15D755}.Release|x86.ActiveCfg = Release|x86
		{3478ACF3-91F9-44B2-9E82-8226FD15D755}.Release|x86.Build.0 = Release|x86
		{3478ACF3-91F9-44B2-9E82-8226FD15D755}.Release|x86.Deploy.0 = Release|x86
	EndGlobalSection
	GlobalSection(SolutionProperties) = preSolution
		HideSolutionNode = FALSE
	EndGlobalSection
	GlobalSection(ExtensibilityGlobals) = postSolution
		SolutionGuid = {15A3A427-6DE0-4201-93D1-C8D102EBCDB6}
	EndGlobalSection
EndGlobal
