
Microsoft Visual Studio Solution File, Format Version 12.00
# Visual Studio 15
VisualStudioVersion = 15.0.27703.2000
MinimumVisualStudioVersion = 10.0.40219.1
Project("{FAE04EC0-301F-11D3-BF4B-00C04F79EFBC}") = "CalendarApp", "CalendarApp\CalendarApp.csproj", "{66753F20-6747-4BD7-8191-6B379CD87842}"
EndProject
Global
	GlobalSection(SolutionConfigurationPlatforms) = preSolution
		Debug|ARM = Debug|ARM
		Debug|x64 = Debug|x64
		Debug|x86 = Debug|x86
		Release|ARM = Release|ARM
		Release|x64 = Release|x64
		Release|x86 = Release|x86
	EndGlobalSection
	GlobalSection(ProjectConfigurationPlatforms) = postSolution
		{66753F20-6747-4BD7-8191-6B379CD87842}.Debug|ARM.ActiveCfg = Debug|ARM
		{66753F20-6747-4BD7-8191-6B379CD87842}.Debug|ARM.Build.0 = Debug|ARM
		{66753F20-6747-4BD7-8191-6B379CD87842}.Debug|ARM.Deploy.0 = Debug|ARM
		{66753F20-6747-4BD7-8191-6B379CD87842}.Debug|x64.ActiveCfg = Debug|x64
		{66753F20-6747-4BD7-8191-6B379CD87842}.Debug|x64.Build.0 = Debug|x64
		{66753F20-6747-4BD7-8191-6B379CD87842}.Debug|x64.Deploy.0 = Debug|x64
		{66753F20-6747-4BD7-8191-6B379CD87842}.Debug|x86.ActiveCfg = Debug|x86
		{66753F20-6747-4BD7-8191-6B379CD87842}.Debug|x86.Build.0 = Debug|x86
		{66753F20-6747-4BD7-8191-6B379CD87842}.Debug|x86.Deploy.0 = Debug|x86
		{66753F20-6747-4BD7-8191-6B379CD87842}.Release|ARM.ActiveCfg = Release|ARM
		{66753F20-6747-4BD7-8191-6B379CD87842}.Release|ARM.Build.0 = Release|ARM
		{66753F20-6747-4BD7-8191-6B379CD87842}.Release|ARM.Deploy.0 = Release|ARM
		{66753F20-6747-4BD7-8191-6B379CD87842}.Release|x64.ActiveCfg = Release|x64
		{66753F20-6747-4BD7-8191-6B379CD87842}.Release|x64.Build.0 = Release|x64
		{66753F20-6747-4BD7-8191-6B379CD87842}.Release|x64.Deploy.0 = Release|x64
		{66753F20-6747-4BD7-8191-6B379CD87842}.Release|x86.ActiveCfg = Release|x86
		{66753F20-6747-4BD7-8191-6B379CD87842}.Release|x86.Build.0 = Release|x86
		{66753F20-6747-4BD7-8191-6B379CD87842}.Release|x86.Deploy.0 = Release|x86
	EndGlobalSection
	GlobalSection(SolutionProperties) = preSolution
		HideSolutionNode = FALSE
	EndGlobalSection
	GlobalSection(ExtensibilityGlobals) = postSolution
		SolutionGuid = {C347411E-EA70-44A6-BC17-7780617778A1}
	EndGlobalSection
EndGlobal
