
Microsoft Visual Studio Solution File, Format Version 12.00
# Visual Studio 15
VisualStudioVersion = 15.0.27428.2015
MinimumVisualStudioVersion = 10.0.40219.1
Project("{FAE04EC0-301F-11D3-BF4B-00C04F79EFBC}") = "AppointmentApp", "AppointmentApp\AppointmentApp.csproj", "{73174E93-C9A7-4CD6-BF95-2A244221EE66}"
EndProject
Global
	GlobalSection(SolutionConfigurationPlatforms) = preSolution
		Debug|ARM = Debug|ARM
		Debug|x64 = Debug|x64
		Debug|x86 = Debug|x86
		Release|ARM = Release|ARM
		Release|x64 = Release|x64
		Release|x86 = Release|x86
	EndGlobalSection
	GlobalSection(ProjectConfigurationPlatforms) = postSolution
		{73174E93-C9A7-4CD6-BF95-2A244221EE66}.Debug|ARM.ActiveCfg = Debug|ARM
		{73174E93-C9A7-4CD6-BF95-2A244221EE66}.Debug|ARM.Build.0 = Debug|ARM
		{73174E93-C9A7-4CD6-BF95-2A244221EE66}.Debug|ARM.Deploy.0 = Debug|ARM
		{73174E93-C9A7-4CD6-BF95-2A244221EE66}.Debug|x64.ActiveCfg = Debug|x64
		{73174E93-C9A7-4CD6-BF95-2A244221EE66}.Debug|x64.Build.0 = Debug|x64
		{73174E93-C9A7-4CD6-BF95-2A244221EE66}.Debug|x64.Deploy.0 = Debug|x64
		{73174E93-C9A7-4CD6-BF95-2A244221EE66}.Debug|x86.ActiveCfg = Debug|x86
		{73174E93-C9A7-4CD6-BF95-2A244221EE66}.Debug|x86.Build.0 = Debug|x86
		{73174E93-C9A7-4CD6-BF95-2A244221EE66}.Debug|x86.Deploy.0 = Debug|x86
		{73174E93-C9A7-4CD6-BF95-2A244221EE66}.Release|ARM.ActiveCfg = Release|ARM
		{73174E93-C9A7-4CD6-BF95-2A244221EE66}.Release|ARM.Build.0 = Release|ARM
		{73174E93-C9A7-4CD6-BF95-2A244221EE66}.Release|ARM.Deploy.0 = Release|ARM
		{73174E93-C9A7-4CD6-BF95-2A244221EE66}.Release|x64.ActiveCfg = Release|x64
		{73174E93-C9A7-4CD6-BF95-2A244221EE66}.Release|x64.Build.0 = Release|x64
		{73174E93-C9A7-4CD6-BF95-2A244221EE66}.Release|x64.Deploy.0 = Release|x64
		{73174E93-C9A7-4CD6-BF95-2A244221EE66}.Release|x86.ActiveCfg = Release|x86
		{73174E93-C9A7-4CD6-BF95-2A244221EE66}.Release|x86.Build.0 = Release|x86
		{73174E93-C9A7-4CD6-BF95-2A244221EE66}.Release|x86.Deploy.0 = Release|x86
	EndGlobalSection
	GlobalSection(SolutionProperties) = preSolution
		HideSolutionNode = FALSE
	EndGlobalSection
	GlobalSection(ExtensibilityGlobals) = postSolution
		SolutionGuid = {961AF89B-69AE-430D-B4A4-F6E70E375B5C}
	EndGlobalSection
EndGlobal
